// !$*UTF8*$!
{
	archiveVersion = 1;
	classes = {
	};
	objectVersion = 50;
	objects = {

/* Begin PBXBuildFile section */
		231CAD9821DF2A7D003A6FE9 /* MainViewController.m in Sources */ = {isa = PBXBuildFile; fileRef = 231CAD9721DF2A7D003A6FE9 /* MainViewController.m */; };
		231CAD9F21DF2C04003A6FE9 /* PhotoAlbumViewController.m in Sources */ = {isa = PBXBuildFile; fileRef = 231CAD9E21DF2C04003A6FE9 /* PhotoAlbumViewController.m */; };
		231CADA321DF2C4E003A6FE9 /* PhotoAlbumCell.m in Sources */ = {isa = PBXBuildFile; fileRef = 231CADA121DF2C4E003A6FE9 /* PhotoAlbumCell.m */; };
		231CADA421DF2C4E003A6FE9 /* PhotoAlbumCell.xib in Resources */ = {isa = PBXBuildFile; fileRef = 231CADA221DF2C4E003A6FE9 /* PhotoAlbumCell.xib */; };
		231CADAA21DF3396003A6FE9 /* YYFPSLabel.m in Sources */ = {isa = PBXBuildFile; fileRef = 231CADA721DF3396003A6FE9 /* YYFPSLabel.m */; };
		231CADAB21DF3396003A6FE9 /* YYWeakProxy.m in Sources */ = {isa = PBXBuildFile; fileRef = 231CADA921DF3396003A6FE9 /* YYWeakProxy.m */; };
		2325627621E04B6A009BEE6C /* YBTaskScheduler.m in Sources */ = {isa = PBXBuildFile; fileRef = 2325626D21E04B6A009BEE6C /* YBTaskScheduler.m */; };
		2325627721E04B6A009BEE6C /* YBTSPriorityQueue.mm in Sources */ = {isa = PBXBuildFile; fileRef = 2325627121E04B6A009BEE6C /* YBTSPriorityQueue.mm */; };
		2325627821E04B6A009BEE6C /* YBTSQueue.mm in Sources */ = {isa = PBXBuildFile; fileRef = 2325627321E04B6A009BEE6C /* YBTSQueue.mm */; };
		2325627921E04B6A009BEE6C /* YBTSStack.mm in Sources */ = {isa = PBXBuildFile; fileRef = 2325627521E04B6A009BEE6C /* YBTSStack.mm */; };
		236645DC21DDE77A00AE3AA8 /* AppDelegate.m in Sources */ = {isa = PBXBuildFile; fileRef = 236645DB21DDE77A00AE3AA8 /* AppDelegate.m */; };
		236645E421DDE77C00AE3AA8 /* Assets.xcassets in Resources */ = {isa = PBXBuildFile; fileRef = 236645E321DDE77C00AE3AA8 /* Assets.xcassets */; };
		236645E721DDE77C00AE3AA8 /* LaunchScreen.storyboard in Resources */ = {isa = PBXBuildFile; fileRef = 236645E521DDE77C00AE3AA8 /* LaunchScreen.storyboard */; };
		236645EA21DDE77C00AE3AA8 /* main.m in Sources */ = {isa = PBXBuildFile; fileRef = 236645E921DDE77C00AE3AA8 /* main.m */; };
/* End PBXBuildFile section */

/* Begin PBXFileReference section */
		231CAD9621DF2A7C003A6FE9 /* MainViewController.h */ = {isa = PBXFileReference; fileEncoding = 4; lastKnownFileType = sourcecode.c.h; path = MainViewController.h; sourceTree = "<group>"; };
		231CAD9721DF2A7D003A6FE9 /* MainViewController.m */ = {isa = PBXFileReference; fileEncoding = 4; lastKnownFileType = sourcecode.c.objc; path = MainViewController.m; sourceTree = "<group>"; };
		231CAD9D21DF2C04003A6FE9 /* PhotoAlbumViewController.h */ = {isa = PBXFileReference; lastKnownFileType = sourcecode.c.h; path = PhotoAlbumViewController.h; sourceTree = "<group>"; };
		231CAD9E21DF2C04003A6FE9 /* PhotoAlbumViewController.m */ = {isa = PBXFileReference; lastKnownFileType = sourcecode.c.objc; path = PhotoAlbumViewController.m; sourceTree = "<group>"; };
		231CADA021DF2C4E003A6FE9 /* PhotoAlbumCell.h */ = {isa = PBXFileReference; lastKnownFileType = sourcecode.c.h; path = PhotoAlbumCell.h; sourceTree = "<group>"; };
		231CADA121DF2C4E003A6FE9 /* PhotoAlbumCell.m */ = {isa = PBXFileReference; lastKnownFileType = sourcecode.c.objc; path = PhotoAlbumCell.m; sourceTree = "<group>"; };
		231CADA221DF2C4E003A6FE9 /* PhotoAlbumCell.xib */ = {isa = PBXFileReference; lastKnownFileType = file.xib; path = PhotoAlbumCell.xib; sourceTree = "<group>"; };
		231CADA621DF3396003A6FE9 /* YYFPSLabel.h */ = {isa = PBXFileReference; fileEncoding = 4; lastKnownFileType = sourcecode.c.h; path = YYFPSLabel.h; sourceTree = "<group>"; };
		231CADA721DF3396003A6FE9 /* YYFPSLabel.m */ = {isa = PBXFileReference; fileEncoding = 4; lastKnownFileType = sourcecode.c.objc; path = YYFPSLabel.m; sourceTree = "<group>"; };
		231CADA821DF3396003A6FE9 /* YYWeakProxy.h */ = {isa = PBXFileReference; fileEncoding = 4; lastKnownFileType = sourcecode.c.h; path = YYWeakProxy.h; sourceTree = "<group>"; };
		231CADA921DF3396003A6FE9 /* YYWeakProxy.m */ = {isa = PBXFileReference; fileEncoding = 4; lastKnownFileType = sourcecode.c.objc; path = YYWeakProxy.m; sourceTree = "<group>"; };
		2325626B21E04B6A009BEE6C /* YBTaskScheduler+Internal.h */ = {isa = PBXFileReference; fileEncoding = 4; lastKnownFileType = sourcecode.c.h; path = "YBTaskScheduler+Internal.h"; sourceTree = "<group>"; };
		2325626C21E04B6A009BEE6C /* YBTaskScheduler.h */ = {isa = PBXFileReference; fileEncoding = 4; lastKnownFileType = sourcecode.c.h; path = YBTaskScheduler.h; sourceTree = "<group>"; };
		2325626D21E04B6A009BEE6C /* YBTaskScheduler.m */ = {isa = PBXFileReference; fileEncoding = 4; lastKnownFileType = sourcecode.c.objc; path = YBTaskScheduler.m; sourceTree = "<group>"; };
		2325626E21E04B6A009BEE6C /* YBTaskSchedulerStrategyProtocol.h */ = {isa = PBXFileReference; fileEncoding = 4; lastKnownFileType = sourcecode.c.h; path = YBTaskSchedulerStrategyProtocol.h; sourceTree = "<group>"; };
		2325626F21E04B6A009BEE6C /* YBTaskSchedulerTypedef.h */ = {isa = PBXFileReference; fileEncoding = 4; lastKnownFileType = sourcecode.c.h; path = YBTaskSchedulerTypedef.h; sourceTree = "<group>"; };
		2325627021E04B6A009BEE6C /* YBTSPriorityQueue.h */ = {isa = PBXFileReference; fileEncoding = 4; lastKnownFileType = sourcecode.c.h; path = YBTSPriorityQueue.h; sourceTree = "<group>"; };
		2325627121E04B6A009BEE6C /* YBTSPriorityQueue.mm */ = {isa = PBXFileReference; fileEncoding = 4; lastKnownFileType = sourcecode.cpp.objcpp; path = YBTSPriorityQueue.mm; sourceTree = "<group>"; };
		2325627221E04B6A009BEE6C /* YBTSQueue.h */ = {isa = PBXFileReference; fileEncoding = 4; lastKnownFileType = sourcecode.c.h; path = YBTSQueue.h; sourceTree = "<group>"; };
		2325627321E04B6A009BEE6C /* YBTSQueue.mm */ = {isa = PBXFileReference; fileEncoding = 4; lastKnownFileType = sourcecode.cpp.objcpp; path = YBTSQueue.mm; sourceTree = "<group>"; };
		2325627421E04B6A009BEE6C /* YBTSStack.h */ = {isa = PBXFileReference; fileEncoding = 4; lastKnownFileType = sourcecode.c.h; path = YBTSStack.h; sourceTree = "<group>"; };
		2325627521E04B6A009BEE6C /* YBTSStack.mm */ = {isa = PBXFileReference; fileEncoding = 4; lastKnownFileType = sourcecode.cpp.objcpp; path = YBTSStack.mm; sourceTree = "<group>"; };
		236645D721DDE77A00AE3AA8 /* YBTaskSchedulerDemo.app */ = {isa = PBXFileReference; explicitFileType = wrapper.application; includeInIndex = 0; path = YBTaskSchedulerDemo.app; sourceTree = BUILT_PRODUCTS_DIR; };
		236645DA21DDE77A00AE3AA8 /* AppDelegate.h */ = {isa = PBXFileReference; lastKnownFileType = sourcecode.c.h; path = AppDelegate.h; sourceTree = "<group>"; };
		236645DB21DDE77A00AE3AA8 /* AppDelegate.m */ = {isa = PBXFileReference; lastKnownFileType = sourcecode.c.objc; path = AppDelegate.m; sourceTree = "<group>"; };
		236645E321DDE77C00AE3AA8 /* Assets.xcassets */ = {isa = PBXFileReference; lastKnownFileType = folder.assetcatalog; path = Assets.xcassets; sourceTree = "<group>"; };
		236645E621DDE77C00AE3AA8 /* Base */ = {isa = PBXFileReference; lastKnownFileType = file.storyboard; name = Base; path = Base.lproj/LaunchScreen.storyboard; sourceTree = "<group>"; };
		236645E821DDE77C00AE3AA8 /* Info.plist */ = {isa = PBXFileReference; lastKnownFileType = text.plist.xml; path = Info.plist; sourceTree = "<group>"; };
		236645E921DDE77C00AE3AA8 /* main.m */ = {isa = PBXFileReference; lastKnownFileType = sourcecode.c.objc; path = main.m; sourceTree = "<group>"; };
/* End PBXFileReference section */

/* Begin PBXFrameworksBuildPhase section */
		236645D421DDE77A00AE3AA8 /* Frameworks */ = {
			isa = PBXFrameworksBuildPhase;
			buildActionMask = 2147483647;
			files = (
			);
			runOnlyForDeploymentPostprocessing = 0;
		};
/* End PBXFrameworksBuildPhase section */

/* Begin PBXGroup section */
		231CAD9A21DF2BA4003A6FE9 /* AppEntrance */ = {
			isa = PBXGroup;
			children = (
				231CADA521DF3396003A6FE9 /* YYFPS */,
				236645DA21DDE77A00AE3AA8 /* AppDelegate.h */,
				236645DB21DDE77A00AE3AA8 /* AppDelegate.m */,
				236645E521DDE77C00AE3AA8 /* LaunchScreen.storyboard */,
				236645E821DDE77C00AE3AA8 /* Info.plist */,
				236645E921DDE77C00AE3AA8 /* main.m */,
			);
			name = AppEntrance;
			sourceTree = "<group>";
		};
		231CAD9B21DF2BB1003A6FE9 /* TestCase */ = {
			isa = PBXGroup;
			children = (
				231CAD9C21DF2BCF003A6FE9 /* PhotoAlbum */,
				231CAD9621DF2A7C003A6FE9 /* MainViewController.h */,
				231CAD9721DF2A7D003A6FE9 /* MainViewController.m */,
			);
			path = TestCase;
			sourceTree = "<group>";
		};
		231CAD9C21DF2BCF003A6FE9 /* PhotoAlbum */ = {
			isa = PBXGroup;
			children = (
				231CAD9D21DF2C04003A6FE9 /* PhotoAlbumViewController.h */,
				231CAD9E21DF2C04003A6FE9 /* PhotoAlbumViewController.m */,
				231CADA021DF2C4E003A6FE9 /* PhotoAlbumCell.h */,
				231CADA121DF2C4E003A6FE9 /* PhotoAlbumCell.m */,
				231CADA221DF2C4E003A6FE9 /* PhotoAlbumCell.xib */,
			);
			path = PhotoAlbum;
			sourceTree = "<group>";
		};
		231CADA521DF3396003A6FE9 /* YYFPS */ = {
			isa = PBXGroup;
			children = (
				231CADA621DF3396003A6FE9 /* YYFPSLabel.h */,
				231CADA721DF3396003A6FE9 /* YYFPSLabel.m */,
				231CADA821DF3396003A6FE9 /* YYWeakProxy.h */,
				231CADA921DF3396003A6FE9 /* YYWeakProxy.m */,
			);
			path = YYFPS;
			sourceTree = "<group>";
		};
		2325626A21E04B6A009BEE6C /* YBTaskScheduler */ = {
			isa = PBXGroup;
			children = (
				2325626B21E04B6A009BEE6C /* YBTaskScheduler+Internal.h */,
				2325626C21E04B6A009BEE6C /* YBTaskScheduler.h */,
				2325626D21E04B6A009BEE6C /* YBTaskScheduler.m */,
				2325626E21E04B6A009BEE6C /* YBTaskSchedulerStrategyProtocol.h */,
				2325626F21E04B6A009BEE6C /* YBTaskSchedulerTypedef.h */,
				2325627021E04B6A009BEE6C /* YBTSPriorityQueue.h */,
				2325627121E04B6A009BEE6C /* YBTSPriorityQueue.mm */,
				2325627221E04B6A009BEE6C /* YBTSQueue.h */,
				2325627321E04B6A009BEE6C /* YBTSQueue.mm */,
				2325627421E04B6A009BEE6C /* YBTSStack.h */,
				2325627521E04B6A009BEE6C /* YBTSStack.mm */,
			);
			path = YBTaskScheduler;
			sourceTree = SOURCE_ROOT;
		};
		236645CE21DDE77A00AE3AA8 = {
			isa = PBXGroup;
			children = (
				236645D921DDE77A00AE3AA8 /* YBTaskSchedulerDemo */,
				236645D821DDE77A00AE3AA8 /* Products */,
			);
			sourceTree = "<group>";
		};
		236645D821DDE77A00AE3AA8 /* Products */ = {
			isa = PBXGroup;
			children = (
				236645D721DDE77A00AE3AA8 /* YBTaskSchedulerDemo.app */,
			);
			name = Products;
			sourceTree = "<group>";
		};
		236645D921DDE77A00AE3AA8 /* YBTaskSchedulerDemo */ = {
			isa = PBXGroup;
			children = (
				2325626A21E04B6A009BEE6C /* YBTaskScheduler */,
				231CAD9B21DF2BB1003A6FE9 /* TestCase */,
				231CAD9A21DF2BA4003A6FE9 /* AppEntrance */,
				236645E321DDE77C00AE3AA8 /* Assets.xcassets */,
			);
			path = YBTaskSchedulerDemo;
			sourceTree = "<group>";
		};
/* End PBXGroup section */

/* Begin PBXNativeTarget section */
		236645D621DDE77A00AE3AA8 /* YBTaskSchedulerDemo */ = {
			isa = PBXNativeTarget;
			buildConfigurationList = 236645ED21DDE77C00AE3AA8 /* Build configuration list for PBXNativeTarget "YBTaskSchedulerDemo" */;
			buildPhases = (
				236645D321DDE77A00AE3AA8 /* Sources */,
				236645D421DDE77A00AE3AA8 /* Frameworks */,
				236645D521DDE77A00AE3AA8 /* Resources */,
			);
			buildRules = (
			);
			dependencies = (
			);
			name = YBTaskSchedulerDemo;
			productName = YBTaskSchedulerDemo;
			productReference = 236645D721DDE77A00AE3AA8 /* YBTaskSchedulerDemo.app */;
			productType = "com.apple.product-type.application";
		};
/* End PBXNativeTarget section */

/* Begin PBXProject section */
		236645CF21DDE77A00AE3AA8 /* Project object */ = {
			isa = PBXProject;
			attributes = {
				LastUpgradeCheck = 1000;
				ORGANIZATIONNAME = "杨波";
				TargetAttributes = {
					236645D621DDE77A00AE3AA8 = {
						CreatedOnToolsVersion = 10.0;
					};
				};
			};
			buildConfigurationList = 236645D221DDE77A00AE3AA8 /* Build configuration list for PBXProject "YBTaskSchedulerDemo" */;
			compatibilityVersion = "Xcode 9.3";
			developmentRegion = en;
			hasScannedForEncodings = 0;
			knownRegions = (
				en,
				Base,
			);
			mainGroup = 236645CE21DDE77A00AE3AA8;
			productRefGroup = 236645D821DDE77A00AE3AA8 /* Products */;
			projectDirPath = "";
			projectRoot = "";
			targets = (
				236645D621DDE77A00AE3AA8 /* YBTaskSchedulerDemo */,
			);
		};
/* End PBXProject section */

/* Begin PBXResourcesBuildPhase section */
		236645D521DDE77A00AE3AA8 /* Resources */ = {
			isa = PBXResourcesBuildPhase;
			buildActionMask = 2147483647;
			files = (
				236645E721DDE77C00AE3AA8 /* LaunchScreen.storyboard in Resources */,
				236645E421DDE77C00AE3AA8 /* Assets.xcassets in Resources */,
				231CADA421DF2C4E003A6FE9 /* PhotoAlbumCell.xib in Resources */,
			);
			runOnlyForDeploymentPostprocessing = 0;
		};
/* End PBXResourcesBuildPhase section */

/* Begin PBXSourcesBuildPhase section */
		236645D321DDE77A00AE3AA8 /* Sources */ = {
			isa = PBXSourcesBuildPhase;
			buildActionMask = 2147483647;
			files = (
				231CADAB21DF3396003A6FE9 /* YYWeakProxy.m in Sources */,
				2325627821E04B6A009BEE6C /* YBTSQueue.mm in Sources */,
				2325627621E04B6A009BEE6C /* YBTaskScheduler.m in Sources */,
				231CAD9821DF2A7D003A6FE9 /* MainViewController.m in Sources */,
				236645EA21DDE77C00AE3AA8 /* main.m in Sources */,
				2325627721E04B6A009BEE6C /* YBTSPriorityQueue.mm in Sources */,
				236645DC21DDE77A00AE3AA8 /* AppDelegate.m in Sources */,
				231CADAA21DF3396003A6FE9 /* YYFPSLabel.m in Sources */,
				231CAD9F21DF2C04003A6FE9 /* PhotoAlbumViewController.m in Sources */,
				2325627921E04B6A009BEE6C /* YBTSStack.mm in Sources */,
				231CADA321DF2C4E003A6FE9 /* PhotoAlbumCell.m in Sources */,
			);
			runOnlyForDeploymentPostprocessing = 0;
		};
/* End PBXSourcesBuildPhase section */

/* Begin PBXVariantGroup section */
		236645E521DDE77C00AE3AA8 /* LaunchScreen.storyboard */ = {
			isa = PBXVariantGroup;
			children = (
				236645E621DDE77C00AE3AA8 /* Base */,
			);
			name = LaunchScreen.storyboard;
			sourceTree = "<group>";
		};
/* End PBXVariantGroup section */

/* Begin XCBuildConfiguration section */
		236645EB21DDE77C00AE3AA8 /* Debug */ = {
			isa = XCBuildConfiguration;
			buildSettings = {
				ALWAYS_SEARCH_USER_PATHS = NO;
				CLANG_ANALYZER_NONNULL = YES;
				CLANG_ANALYZER_NUMBER_OBJECT_CONVERSION = YES_AGGRESSIVE;
				CLANG_CXX_LANGUAGE_STANDARD = "gnu++14";
				CLANG_CXX_LIBRARY = "libc++";
				CLANG_ENABLE_MODULES = YES;
				CLANG_ENABLE_OBJC_ARC = YES;
				CLANG_ENABLE_OBJC_WEAK = YES;
				CLANG_WARN_BLOCK_CAPTURE_AUTORELEASING = YES;
				CLANG_WARN_BOOL_CONVERSION = YES;
				CLANG_WARN_COMMA = YES;
				CLANG_WARN_CONSTANT_CONVERSION = YES;
				CLANG_WARN_DEPRECATED_OBJC_IMPLEMENTATIONS = YES;
				CLANG_WARN_DIRECT_OBJC_ISA_USAGE = YES_ERROR;
				CLANG_WARN_DOCUMENTATION_COMMENTS = YES;
				CLANG_WARN_EMPTY_BODY = YES;
				CLANG_WARN_ENUM_CONVERSION = YES;
				CLANG_WARN_INFINITE_RECURSION = YES;
				CLANG_WARN_INT_CONVERSION = YES;
				CLANG_WARN_NON_LITERAL_NULL_CONVERSION = YES;
				CLANG_WARN_OBJC_IMPLICIT_RETAIN_SELF = YES;
				CLANG_WARN_OBJC_LITERAL_CONVERSION = YES;
				CLANG_WARN_OBJC_ROOT_CLASS = YES_ERROR;
				CLANG_WARN_RANGE_LOOP_ANALYSIS = YES;
				CLANG_WARN_STRICT_PROTOTYPES = YES;
				CLANG_WARN_SUSPICIOUS_MOVE = YES;
				CLANG_WARN_UNGUARDED_AVAILABILITY = YES_AGGRESSIVE;
				CLANG_WARN_UNREACHABLE_CODE = YES;
				CLANG_WARN__DUPLICATE_METHOD_MATCH = YES;
				CODE_SIGN_IDENTITY = "iPhone Developer";
				COPY_PHASE_STRIP = NO;
				DEBUG_INFORMATION_FORMAT = dwarf;
				ENABLE_STRICT_OBJC_MSGSEND = YES;
				ENABLE_TESTABILITY = YES;
				GCC_C_LANGUAGE_STANDARD = gnu11;
				GCC_DYNAMIC_NO_PIC = NO;
				GCC_NO_COMMON_BLOCKS = YES;
				GCC_OPTIMIZATION_LEVEL = 0;
				GCC_PREPROCESSOR_DEFINITIONS = (
					"DEBUG=1",
					"$(inherited)",
				);
				GCC_WARN_64_TO_32_BIT_CONVERSION = YES;
				GCC_WARN_ABOUT_RETURN_TYPE = YES_ERROR;
				GCC_WARN_UNDECLARED_SELECTOR = YES;
				GCC_WARN_UNINITIALIZED_AUTOS = YES_AGGRESSIVE;
				GCC_WARN_UNUSED_FUNCTION = YES;
				GCC_WARN_UNUSED_VARIABLE = YES;
				IPHONEOS_DEPLOYMENT_TARGET = 12.0;
				MTL_ENABLE_DEBUG_INFO = INCLUDE_SOURCE;
				MTL_FAST_MATH = YES;
				ONLY_ACTIVE_ARCH = YES;
				SDKROOT = iphoneos;
			};
			name = Debug;
		};
		236645EC21DDE77C00AE3AA8 /* Release */ = {
			isa = XCBuildConfiguration;
			buildSettings = {
				ALWAYS_SEARCH_USER_PATHS = NO;
				CLANG_ANALYZER_NONNULL = YES;
				CLANG_ANALYZER_NUMBER_OBJECT_CONVERSION = YES_AGGRESSIVE;
				CLANG_CXX_LANGUAGE_STANDARD = "gnu++14";
				CLANG_CXX_LIBRARY = "libc++";
				CLANG_ENABLE_MODULES = YES;
				CLANG_ENABLE_OBJC_ARC = YES;
				CLANG_ENABLE_OBJC_WEAK = YES;
				CLANG_WARN_BLOCK_CAPTURE_AUTORELEASING = YES;
				CLANG_WARN_BOOL_CONVERSION = YES;
				CLANG_WARN_COMMA = YES;
				CLANG_WARN_CONSTANT_CONVERSION = YES;
				CLANG_WARN_DEPRECATED_OBJC_IMPLEMENTATIONS = YES;
				CLANG_WARN_DIRECT_OBJC_ISA_USAGE = YES_ERROR;
				CLANG_WARN_DOCUMENTATION_COMMENTS = YES;
				CLANG_WARN_EMPTY_BODY = YES;
				CLANG_WARN_ENUM_CONVERSION = YES;
				CLANG_WARN_INFINITE_RECURSION = YES;
				CLANG_WARN_INT_CONVERSION = YES;
				CLANG_WARN_NON_LITERAL_NULL_CONVERSION = YES;
				CLANG_WARN_OBJC_IMPLICIT_RETAIN_SELF = YES;
				CLANG_WARN_OBJC_LITERAL_CONVERSION = YES;
				CLANG_WARN_OBJC_ROOT_CLASS = YES_ERROR;
				CLANG_WARN_RANGE_LOOP_ANALYSIS = YES;
				CLANG_WARN_STRICT_PROTOTYPES = YES;
				CLANG_WARN_SUSPICIOUS_MOVE = YES;
				CLANG_WARN_UNGUARDED_AVAILABILITY = YES_AGGRESSIVE;
				CLANG_WARN_UNREACHABLE_CODE = YES;
				CLANG_WARN__DUPLICATE_METHOD_MATCH = YES;
				CODE_SIGN_IDENTITY = "iPhone Developer";
				COPY_PHASE_STRIP = NO;
				DEBUG_INFORMATION_FORMAT = "dwarf-with-dsym";
				ENABLE_NS_ASSERTIONS = NO;
				ENABLE_STRICT_OBJC_MSGSEND = YES;
				GCC_C_LANGUAGE_STANDARD = gnu11;
				GCC_NO_COMMON_BLOCKS = YES;
				GCC_WARN_64_TO_32_BIT_CONVERSION = YES;
				GCC_WARN_ABOUT_RETURN_TYPE = YES_ERROR;
				GCC_WARN_UNDECLARED_SELECTOR = YES;
				GCC_WARN_UNINITIALIZED_AUTOS = YES_AGGRESSIVE;
				GCC_WARN_UNUSED_FUNCTION = YES;
				GCC_WARN_UNUSED_VARIABLE = YES;
				IPHONEOS_DEPLOYMENT_TARGET = 12.0;
				MTL_ENABLE_DEBUG_INFO = NO;
				MTL_FAST_MATH = YES;
				SDKROOT = iphoneos;
				VALIDATE_PRODUCT = YES;
			};
			name = Release;
		};
		236645EE21DDE77C00AE3AA8 /* Debug */ = {
			isa = XCBuildConfiguration;
			buildSettings = {
				ASSETCATALOG_COMPILER_APPICON_NAME = AppIcon;
				CODE_SIGN_STYLE = Automatic;
				DEVELOPMENT_TEAM = UU8H9EQ986;
				INFOPLIST_FILE = YBTaskSchedulerDemo/Info.plist;
				IPHONEOS_DEPLOYMENT_TARGET = 8.0;
				LD_RUNPATH_SEARCH_PATHS = (
					"$(inherited)",
					"@executable_path/Frameworks",
				);
				PRODUCT_BUNDLE_IDENTIFIER = yangbo.YBTaskSchedulerDemo;
				PRODUCT_NAME = "$(TARGET_NAME)";
				TARGETED_DEVICE_FAMILY = "1,2";
			};
			name = Debug;
		};
		236645EF21DDE77C00AE3AA8 /* Release */ = {
			isa = XCBuildConfiguration;
			buildSettings = {
				ASSETCATALOG_COMPILER_APPICON_NAME = AppIcon;
				CODE_SIGN_STYLE = Automatic;
				DEVELOPMENT_TEAM = UU8H9EQ986;
				INFOPLIST_FILE = YBTaskSchedulerDemo/Info.plist;
				IPHONEOS_DEPLOYMENT_TARGET = 8.0;
				LD_RUNPATH_SEARCH_PATHS = (
					"$(inherited)",
					"@executable_path/Frameworks",
				);
				PRODUCT_BUNDLE_IDENTIFIER = yangbo.YBTaskSchedulerDemo;
				PRODUCT_NAME = "$(TARGET_NAME)";
				TARGETED_DEVICE_FAMILY = "1,2";
			};
			name = Release;
		};
/* End XCBuildConfiguration section */

/* Begin XCConfigurationList section */
		236645D221DDE77A00AE3AA8 /* Build configuration list for PBXProject "YBTaskSchedulerDemo" */ = {
			isa = XCConfigurationList;
			buildConfigurations = (
				236645EB21DDE77C00AE3AA8 /* Debug */,
				236645EC21DDE77C00AE3AA8 /* Release */,
			);
			defaultConfigurationIsVisible = 0;
			defaultConfigurationName = Release;
		};
		236645ED21DDE77C00AE3AA8 /* Build configuration list for PBXNativeTarget "YBTaskSchedulerDemo" */ = {
			isa = XCConfigurationList;
			buildConfigurations = (
				236645EE21DDE77C00AE3AA8 /* Debug */,
				236645EF21DDE77C00AE3AA8 /* Release */,
			);
			defaultConfigurationIsVisible = 0;
			defaultConfigurationName = Release;
		};
/* End XCConfigurationList section */
	};
	rootObject = 236645CF21DDE77A00AE3AA8 /* Project object */;
}
